
Microsoft Visual Studio Solution File, Format Version 12.00
# Visual Studio Version 17
VisualStudioVersion = 17.3.32819.101
MinimumVisualStudioVersion = 10.0.40219.1
Project("{FAE04EC0-301F-11D3-BF4B-00C04F79EFBC}") = "RefactorClassRoster", "RefactorClassRoster\RefactorClassRoster.csproj", "{B40ED041-40CC-4481-9949-A3BBC2B1360F}"
EndProject
Global
	GlobalSection(SolutionConfigurationPlatforms) = preSolution
		Debug|Any CPU = Debug|Any CPU
		Release|Any CPU = Release|Any CPU
	EndGlobalSection
	GlobalSection(ProjectConfigurationPlatforms) = postSolution
		{B40ED041-40CC-4481-9949-A3BBC2B1360F}.Debug|Any CPU.ActiveCfg = Debug|Any CPU
		{B40ED041-40CC-4481-9949-A3BBC2B1360F}.Debug|Any CPU.Build.0 = Debug|Any CPU
		{B40ED041-40CC-4481-9949-A3BBC2B1360F}.Release|Any CPU.ActiveCfg = Release|Any CPU
		{B40ED041-40CC-4481-9949-A3BBC2B1360F}.Release|Any CPU.Build.0 = Release|Any CPU
	EndGlobalSection
	GlobalSection(SolutionProperties) = preSolution
		HideSolutionNode = FALSE
	EndGlobalSection
	GlobalSection(ExtensibilityGlobals) = postSolution
		SolutionGuid = {E698C685-4769-40A5-B556-FBAFB4534C4E}
	EndGlobalSection
EndGlobal
